
Microsoft Visual Studio Solution File, Format Version 12.00
# Visual Studio Version 17
VisualStudioVersion = 17.8.34309.116
MinimumVisualStudioVersion = 10.0.40219.1
Project("{FAE04EC0-301F-11D3-BF4B-00C04F79EFBC}") = "ProyectoRefaccionaria", "Actividad 2\ProyectoRefaccionaria.csproj", "{B1CC4F94-8438-4F6D-B330-25B5ADEAD587}"
EndProject
Global
	GlobalSection(SolutionConfigurationPlatforms) = preSolution
		Debug|Any CPU = Debug|Any CPU
		Release|Any CPU = Release|Any CPU
	EndGlobalSection
	GlobalSection(ProjectConfigurationPlatforms) = postSolution
		{B1CC4F94-8438-4F6D-B330-25B5ADEAD587}.Debug|Any CPU.ActiveCfg = Debug|Any CPU
		{B1CC4F94-8438-4F6D-B330-25B5ADEAD587}.Debug|Any CPU.Build.0 = Debug|Any CPU
		{B1CC4F94-8438-4F6D-B330-25B5ADEAD587}.Release|Any CPU.ActiveCfg = Release|Any CPU
		{B1CC4F94-8438-4F6D-B330-25B5ADEAD587}.Release|Any CPU.Build.0 = Release|Any CPU
	EndGlobalSection
	GlobalSection(SolutionProperties) = preSolution
		HideSolutionNode = FALSE
	EndGlobalSection
	GlobalSection(ExtensibilityGlobals) = postSolution
		SolutionGuid = {7540772C-9D39-46D6-8F7E-DB20DDC72C8F}
	EndGlobalSection
EndGlobal
